
Microsoft Visual Studio Solution File, Format Version 12.00
# Visual Studio Version 16
VisualStudioVersion = 25.0.1704.4
MinimumVisualStudioVersion = 10.0.40219.1
Project("{FAE04EC0-301F-11D3-BF4B-00C04F79EFBC}") = "Amazon.CaseStudy.Core", "Amazon.CaseStudy.Core\Amazon.CaseStudy.Core.csproj", "{E3D720FE-FE46-4670-BAD9-D89B50932F99}"
EndProject
Project("{FAE04EC0-301F-11D3-BF4B-00C04F79EFBC}") = "Amazon.CaseStudy.Selenium", "Amazon.CaseStudy.Selenium\Amazon.CaseStudy.Selenium.csproj", "{A166CF6E-4175-469F-B770-6A1CFFD79618}"
EndProject
Project("{FAE04EC0-301F-11D3-BF4B-00C04F79EFBC}") = "Amazon.CaseStudy.Application", "Amazon.CaseStudy.Application\Amazon.CaseStudy.Application.csproj", "{4EA4F5F4-FD7D-4000-8E83-6A2FD3BDF125}"
EndProject
Global
	GlobalSection(SolutionConfigurationPlatforms) = preSolution
		Debug|Any CPU = Debug|Any CPU
		Release|Any CPU = Release|Any CPU
	EndGlobalSection
	GlobalSection(ProjectConfigurationPlatforms) = postSolution
		{E3D720FE-FE46-4670-BAD9-D89B50932F99}.Debug|Any CPU.ActiveCfg = Debug|Any CPU
		{E3D720FE-FE46-4670-BAD9-D89B50932F99}.Debug|Any CPU.Build.0 = Debug|Any CPU
		{E3D720FE-FE46-4670-BAD9-D89B50932F99}.Release|Any CPU.ActiveCfg = Release|Any CPU
		{E3D720FE-FE46-4670-BAD9-D89B50932F99}.Release|Any CPU.Build.0 = Release|Any CPU
		{A166CF6E-4175-469F-B770-6A1CFFD79618}.Debug|Any CPU.ActiveCfg = Debug|Any CPU
		{A166CF6E-4175-469F-B770-6A1CFFD79618}.Debug|Any CPU.Build.0 = Debug|Any CPU
		{A166CF6E-4175-469F-B770-6A1CFFD79618}.Release|Any CPU.ActiveCfg = Release|Any CPU
		{A166CF6E-4175-469F-B770-6A1CFFD79618}.Release|Any CPU.Build.0 = Release|Any CPU
		{4EA4F5F4-FD7D-4000-8E83-6A2FD3BDF125}.Debug|Any CPU.ActiveCfg = Debug|Any CPU
		{4EA4F5F4-FD7D-4000-8E83-6A2FD3BDF125}.Debug|Any CPU.Build.0 = Debug|Any CPU
		{4EA4F5F4-FD7D-4000-8E83-6A2FD3BDF125}.Release|Any CPU.ActiveCfg = Release|Any CPU
		{4EA4F5F4-FD7D-4000-8E83-6A2FD3BDF125}.Release|Any CPU.Build.0 = Release|Any CPU
	EndGlobalSection
	GlobalSection(SolutionProperties) = preSolution
		HideSolutionNode = FALSE
	EndGlobalSection
	GlobalSection(ExtensibilityGlobals) = postSolution
		SolutionGuid = {C44E78AE-6640-4356-A213-793C087D1262}
	EndGlobalSection
EndGlobal
